<?xml version="1.0" encoding="utf-8"?>
<Project ToolsVersion="4.0" xmlns="http://schemas.microsoft.com/developer/msbuild/2003">
  <ItemGroup>
    <Filter Include="Independent">
      <UniqueIdentifier>{53AA0B07-BF5F-84FC-4854-7ED3B4087B00}</UniqueIdentifier>
    </Filter>
    <Filter Include="Independent\Events">
      <UniqueIdentifier>{D71AD668-C3FE-96BE-2C5F-911118628140}</UniqueIdentifier>
    </Filter>
    <Filter Include="Independent\ImGui">
      <UniqueIdentifier>{BD51CD77-2968-CB0D-72DF-562FDE349C95}</UniqueIdentifier>
    </Filter>
    <Filter Include="Platform">
      <UniqueIdentifier>{2AC788B4-1694-E3BF-3FAD-D1672BD9184E}</UniqueIdentifier>
    </Filter>
    <Filter Include="Platform\OpenGL">
      <UniqueIdentifier>{1E7D2C1D-8A08-9AE1-9319-1DD6FF23F6E1}</UniqueIdentifier>
    </Filter>
    <Filter Include="Platform\Windows">
      <UniqueIdentifier>{64FBD71A-50F4-F66C-7926-DCF1657ED678}</UniqueIdentifier>
    </Filter>
  </ItemGroup>
  <ItemGroup>
    <ClInclude Include="src\Independent.h" />
    <ClInclude Include="src\Independent\Application.h">
      <Filter>Independent</Filter>
    </ClInclude>
    <ClInclude Include="src\Independent\Core.h">
      <Filter>Independent</Filter>
    </ClInclude>
    <ClInclude Include="src\Independent\EntryPoint.h">
      <Filter>Independent</Filter>
    </ClInclude>
    <ClInclude Include="src\Independent\Events\ApplicationEvent.h">
      <Filter>Independent\Events</Filter>
    </ClInclude>
    <ClInclude Include="src\Independent\Events\Event.h">
      <Filter>Independent\Events</Filter>
    </ClInclude>
    <ClInclude Include="src\Independent\Events\KeyEvent.h">
      <Filter>Independent\Events</Filter>
    </ClInclude>
    <ClInclude Include="src\Independent\Events\MouseEvent.h">
      <Filter>Independent\Events</Filter>
    </ClInclude>
    <ClInclude Include="src\Independent\ImGui\ImGuiLayer.h">
      <Filter>Independent\ImGui</Filter>
    </ClInclude>
    <ClInclude Include="src\Independent\Layer.h">
      <Filter>Independent</Filter>
    </ClInclude>
    <ClInclude Include="src\Independent\LayerStack.h">
      <Filter>Independent</Filter>
    </ClInclude>
    <ClInclude Include="src\Independent\Log.h">
      <Filter>Independent</Filter>
    </ClInclude>
    <ClInclude Include="src\Independent\Window.h">
      <Filter>Independent</Filter>
    </ClInclude>
    <ClInclude Include="src\Platform\OpenGL\ImGuiOpenGLRenderer.h">
      <Filter>Platform\OpenGL</Filter>
    </ClInclude>
    <ClInclude Include="src\Platform\Windows\WindowsWindow.h">
      <Filter>Platform\Windows</Filter>
    </ClInclude>
    <ClInclude Include="src\idpdpch.h" />
  </ItemGroup>
  <ItemGroup>
    <ClCompile Include="src\Independent\Application.cpp">
      <Filter>Independent</Filter>
    </ClCompile>
    <ClCompile Include="src\Independent\ImGui\ImGuiLayer.cpp">
      <Filter>Independent\ImGui</Filter>
    </ClCompile>
    <ClCompile Include="src\Independent\Layer.cpp">
      <Filter>Independent</Filter>
    </ClCompile>
    <ClCompile Include="src\Independent\LayerStack.cpp">
      <Filter>Independent</Filter>
    </ClCompile>
    <ClCompile Include="src\Independent\Log.cpp">
      <Filter>Independent</Filter>
    </ClCompile>
    <ClCompile Include="src\Platform\OpenGL\ImGuiOpenGLRenderer.cpp">
      <Filter>Platform\OpenGL</Filter>
    </ClCompile>
    <ClCompile Include="src\Platform\Windows\WindowsWindow.cpp">
      <Filter>Platform\Windows</Filter>
    </ClCompile>
    <ClCompile Include="src\idpdpch.cpp" />
  </ItemGroup>
</Project>