<?xml version="1.0" encoding="utf-8"?>
<Project ToolsVersion="4.0" xmlns="http://schemas.microsoft.com/developer/msbuild/2003">
  <ItemGroup>
    <Filter Include="Independent">
      <UniqueIdentifier>{53AA0B07-BF5F-84FC-4854-7ED3B4087B00}</UniqueIdentifier>
    </Filter>
    <Filter Include="Independent\Events">
      <UniqueIdentifier>{D71AD668-C3FE-96BE-2C5F-911118628140}</UniqueIdentifier>
    </Filter>
  </ItemGroup>
  <ItemGroup>
    <ClInclude Include="src\Independent.h" />
    <ClInclude Include="src\Independent\Application.h">
      <Filter>Independent</Filter>
    </ClInclude>
    <ClInclude Include="src\Independent\Core.h">
      <Filter>Independent</Filter>
    </ClInclude>
    <ClInclude Include="src\Independent\EntryPoint.h">
      <Filter>Independent</Filter>
    </ClInclude>
    <ClInclude Include="src\Independent\Events\ApplicationEvent.h">
      <Filter>Independent\Events</Filter>
    </ClInclude>
    <ClInclude Include="src\Independent\Events\Event.h">
      <Filter>Independent\Events</Filter>
    </ClInclude>
    <ClInclude Include="src\Independent\Events\KeyEvent.h">
      <Filter>Independent\Events</Filter>
    </ClInclude>
    <ClInclude Include="src\Independent\Events\MouseEvent.h">
      <Filter>Independent\Events</Filter>
    </ClInclude>
    <ClInclude Include="src\Independent\Log.h">
      <Filter>Independent</Filter>
    </ClInclude>
  </ItemGroup>
  <ItemGroup>
    <ClCompile Include="src\Independent\Application.cpp">
      <Filter>Independent</Filter>
    </ClCompile>
    <ClCompile Include="src\Independent\Log.cpp">
      <Filter>Independent</Filter>
    </ClCompile>
  </ItemGroup>
</Project>